// !$*UTF8*$!
{
	archiveVersion = 1;
	classes = {
	};
	objectVersion = 46;
	objects = {

/* Begin PBXBuildFile section */
		90EABE891CBAA0CF00F5316C /* DataEntry.cpp in Sources */ = {isa = PBXBuildFile; fileRef = 90EABE7D1CBAA0CF00F5316C /* DataEntry.cpp */; };
		90EABE8A1CBAA0CF00F5316C /* DataEntry.hpp in Headers */ = {isa = PBXBuildFile; fileRef = 90EABE7E1CBAA0CF00F5316C /* DataEntry.hpp */; };
		90EABE8B1CBAA0CF00F5316C /* EquitySeries.cpp in Sources */ = {isa = PBXBuildFile; fileRef = 90EABE7F1CBAA0CF00F5316C /* EquitySeries.cpp */; };
		90EABE8C1CBAA0CF00F5316C /* EquitySeries.hpp in Headers */ = {isa = PBXBuildFile; fileRef = 90EABE801CBAA0CF00F5316C /* EquitySeries.hpp */; };
		90EABE8D1CBAA0CF00F5316C /* FileDriver.cpp in Sources */ = {isa = PBXBuildFile; fileRef = 90EABE811CBAA0CF00F5316C /* FileDriver.cpp */; };
		90EABE8E1CBAA0CF00F5316C /* FileDriver.hpp in Headers */ = {isa = PBXBuildFile; fileRef = 90EABE821CBAA0CF00F5316C /* FileDriver.hpp */; };
		90EABE8F1CBAA0CF00F5316C /* PriceSeries.cpp in Sources */ = {isa = PBXBuildFile; fileRef = 90EABE831CBAA0CF00F5316C /* PriceSeries.cpp */; };
		90EABE901CBAA0CF00F5316C /* PriceSeries.hpp in Headers */ = {isa = PBXBuildFile; fileRef = 90EABE841CBAA0CF00F5316C /* PriceSeries.hpp */; };
		90EABE911CBAA0CF00F5316C /* Series.cpp in Sources */ = {isa = PBXBuildFile; fileRef = 90EABE851CBAA0CF00F5316C /* Series.cpp */; };
		90EABE921CBAA0CF00F5316C /* Series.hpp in Headers */ = {isa = PBXBuildFile; fileRef = 90EABE861CBAA0CF00F5316C /* Series.hpp */; };
		90EABE931CBAA0CF00F5316C /* TreasurySeries.cpp in Sources */ = {isa = PBXBuildFile; fileRef = 90EABE871CBAA0CF00F5316C /* TreasurySeries.cpp */; };
		90EABE941CBAA0CF00F5316C /* TreasurySeries.hpp in Headers */ = {isa = PBXBuildFile; fileRef = 90EABE881CBAA0CF00F5316C /* TreasurySeries.hpp */; };
		90EABE9A1CBAA7A500F5316C /* ActionSeries.cpp in Sources */ = {isa = PBXBuildFile; fileRef = 90EABE981CBAA7A500F5316C /* ActionSeries.cpp */; };
		90EABE9B1CBAA7A500F5316C /* ActionSeries.hpp in Headers */ = {isa = PBXBuildFile; fileRef = 90EABE991CBAA7A500F5316C /* ActionSeries.hpp */; };
		90EABEB61CBE681900F5316C /* Asset.cpp in Sources */ = {isa = PBXBuildFile; fileRef = 90EABEB21CBE681900F5316C /* Asset.cpp */; };
		90EABEB71CBE681900F5316C /* Asset.hpp in Headers */ = {isa = PBXBuildFile; fileRef = 90EABEB31CBE681900F5316C /* Asset.hpp */; };
		90EABEB81CBE681900F5316C /* DB.cpp in Sources */ = {isa = PBXBuildFile; fileRef = 90EABEB41CBE681900F5316C /* DB.cpp */; };
		90EABEB91CBE681900F5316C /* DB.hpp in Headers */ = {isa = PBXBuildFile; fileRef = 90EABEB51CBE681900F5316C /* DB.hpp */; };
		90EABEDB1CBE6CE100F5316C /* Execution.cpp in Sources */ = {isa = PBXBuildFile; fileRef = 90EABED91CBE6CE100F5316C /* Execution.cpp */; };
		90EABEDC1CBE6CE100F5316C /* Execution.hpp in Headers */ = {isa = PBXBuildFile; fileRef = 90EABEDA1CBE6CE100F5316C /* Execution.hpp */; };
		90EABEDF1CBE725300F5316C /* ExecutionSet.cpp in Sources */ = {isa = PBXBuildFile; fileRef = 90EABEDD1CBE725300F5316C /* ExecutionSet.cpp */; };
		90EABEE01CBE725300F5316C /* ExecutionSet.hpp in Headers */ = {isa = PBXBuildFile; fileRef = 90EABEDE1CBE725300F5316C /* ExecutionSet.hpp */; };
		90EABEE31CBF1C2200F5316C /* Position.cpp in Sources */ = {isa = PBXBuildFile; fileRef = 90EABEE11CBF1C2200F5316C /* Position.cpp */; };
		90EABEE41CBF1C2200F5316C /* Position.hpp in Headers */ = {isa = PBXBuildFile; fileRef = 90EABEE21CBF1C2200F5316C /* Position.hpp */; };
		90EABEE71CBF292900F5316C /* LongPosition.cpp in Sources */ = {isa = PBXBuildFile; fileRef = 90EABEE51CBF292900F5316C /* LongPosition.cpp */; };
		90EABEE81CBF292900F5316C /* LongPosition.hpp in Headers */ = {isa = PBXBuildFile; fileRef = 90EABEE61CBF292900F5316C /* LongPosition.hpp */; };
		90EABEEB1CBFBADE00F5316C /* ShortPosition.cpp in Sources */ = {isa = PBXBuildFile; fileRef = 90EABEE91CBFBADE00F5316C /* ShortPosition.cpp */; };
		90EABEEC1CBFBADE00F5316C /* ShortPosition.hpp in Headers */ = {isa = PBXBuildFile; fileRef = 90EABEEA1CBFBADE00F5316C /* ShortPosition.hpp */; };
		90EABEEF1CBFBDDE00F5316C /* PositionSet.cpp in Sources */ = {isa = PBXBuildFile; fileRef = 90EABEED1CBFBDDE00F5316C /* PositionSet.cpp */; };
		90EABEF01CBFBDDE00F5316C /* PositionSet.hpp in Headers */ = {isa = PBXBuildFile; fileRef = 90EABEEE1CBFBDDE00F5316C /* PositionSet.hpp */; };
		90EABEF61CC075B400F5316C /* Trader.cpp in Sources */ = {isa = PBXBuildFile; fileRef = 90EABEF51CC075B400F5316C /* Trader.cpp */; };
		90EABEF81CC075BB00F5316C /* Trader.hpp in Headers */ = {isa = PBXBuildFile; fileRef = 90EABEF71CC075BB00F5316C /* Trader.hpp */; };
		90EABEFB1CC0937D00F5316C /* ETFTrader.cpp in Sources */ = {isa = PBXBuildFile; fileRef = 90EABEF91CC0937D00F5316C /* ETFTrader.cpp */; };
		90EABEFC1CC0937D00F5316C /* ETFTrader.hpp in Headers */ = {isa = PBXBuildFile; fileRef = 90EABEFA1CC0937D00F5316C /* ETFTrader.hpp */; };
		90FC3E271CB6781B00BCC3AD /* main.cpp in Sources */ = {isa = PBXBuildFile; fileRef = 90FC3E261CB6781B00BCC3AD /* main.cpp */; };
/* End PBXBuildFile section */

/* Begin PBXContainerItemProxy section */
		90EABE7B1CBAA06E00F5316C /* PBXContainerItemProxy */ = {
			isa = PBXContainerItemProxy;
			containerPortal = 90FC3E1B1CB6781B00BCC3AD /* Project object */;
			proxyType = 1;
			remoteGlobalIDString = 90EABE6F1CBA9FD600F5316C;
			remoteInfo = data;
		};
		90EABEAE1CBE673A00F5316C /* PBXContainerItemProxy */ = {
			isa = PBXContainerItemProxy;
			containerPortal = 90FC3E1B1CB6781B00BCC3AD /* Project object */;
			proxyType = 1;
			remoteGlobalIDString = 90EABE6F1CBA9FD600F5316C;
			remoteInfo = data;
		};
		90EABEB01CBE67CB00F5316C /* PBXContainerItemProxy */ = {
			isa = PBXContainerItemProxy;
			containerPortal = 90FC3E1B1CB6781B00BCC3AD /* Project object */;
			proxyType = 1;
			remoteGlobalIDString = 90EABEA21CBE670D00F5316C;
			remoteInfo = algo;
		};
		90EABEC91CBE68B300F5316C /* PBXContainerItemProxy */ = {
			isa = PBXContainerItemProxy;
			containerPortal = 90FC3E1B1CB6781B00BCC3AD /* Project object */;
			proxyType = 1;
			remoteGlobalIDString = 90EABE6F1CBA9FD600F5316C;
			remoteInfo = data;
		};
		90EABECB1CBE68B800F5316C /* PBXContainerItemProxy */ = {
			isa = PBXContainerItemProxy;
			containerPortal = 90FC3E1B1CB6781B00BCC3AD /* Project object */;
			proxyType = 1;
			remoteGlobalIDString = 90EABEBD1CBE68A100F5316C;
			remoteInfo = engine;
		};
		90EABECD1CBE690100F5316C /* PBXContainerItemProxy */ = {
			isa = PBXContainerItemProxy;
			containerPortal = 90FC3E1B1CB6781B00BCC3AD /* Project object */;
			proxyType = 1;
			remoteGlobalIDString = 90EABEBD1CBE68A100F5316C;
			remoteInfo = engine;
		};
/* End PBXContainerItemProxy section */

/* Begin PBXCopyFilesBuildPhase section */
		90FC3E211CB6781B00BCC3AD /* CopyFiles */ = {
			isa = PBXCopyFilesBuildPhase;
			buildActionMask = 2147483647;
			dstPath = /usr/share/man/man1/;
			dstSubfolderSpec = 0;
			files = (
			);
			runOnlyForDeploymentPostprocessing = 1;
		};
/* End PBXCopyFilesBuildPhase section */

/* Begin PBXFileReference section */
		90EABE701CBA9FD600F5316C /* libdata.a */ = {isa = PBXFileReference; explicitFileType = archive.ar; includeInIndex = 0; path = libdata.a; sourceTree = BUILT_PRODUCTS_DIR; };
		90EABE7D1CBAA0CF00F5316C /* DataEntry.cpp */ = {isa = PBXFileReference; fileEncoding = 4; lastKnownFileType = sourcecode.cpp.cpp; path = DataEntry.cpp; sourceTree = "<group>"; };
		90EABE7E1CBAA0CF00F5316C /* DataEntry.hpp */ = {isa = PBXFileReference; fileEncoding = 4; lastKnownFileType = sourcecode.cpp.h; path = DataEntry.hpp; sourceTree = "<group>"; };
		90EABE7F1CBAA0CF00F5316C /* EquitySeries.cpp */ = {isa = PBXFileReference; fileEncoding = 4; lastKnownFileType = sourcecode.cpp.cpp; path = EquitySeries.cpp; sourceTree = "<group>"; };
		90EABE801CBAA0CF00F5316C /* EquitySeries.hpp */ = {isa = PBXFileReference; fileEncoding = 4; lastKnownFileType = sourcecode.cpp.h; path = EquitySeries.hpp; sourceTree = "<group>"; };
		90EABE811CBAA0CF00F5316C /* FileDriver.cpp */ = {isa = PBXFileReference; fileEncoding = 4; lastKnownFileType = sourcecode.cpp.cpp; path = FileDriver.cpp; sourceTree = "<group>"; };
		90EABE821CBAA0CF00F5316C /* FileDriver.hpp */ = {isa = PBXFileReference; fileEncoding = 4; lastKnownFileType = sourcecode.cpp.h; path = FileDriver.hpp; sourceTree = "<group>"; };
		90EABE831CBAA0CF00F5316C /* PriceSeries.cpp */ = {isa = PBXFileReference; fileEncoding = 4; lastKnownFileType = sourcecode.cpp.cpp; path = PriceSeries.cpp; sourceTree = "<group>"; };
		90EABE841CBAA0CF00F5316C /* PriceSeries.hpp */ = {isa = PBXFileReference; fileEncoding = 4; lastKnownFileType = sourcecode.cpp.h; path = PriceSeries.hpp; sourceTree = "<group>"; };
		90EABE851CBAA0CF00F5316C /* Series.cpp */ = {isa = PBXFileReference; fileEncoding = 4; lastKnownFileType = sourcecode.cpp.cpp; path = Series.cpp; sourceTree = "<group>"; };
		90EABE861CBAA0CF00F5316C /* Series.hpp */ = {isa = PBXFileReference; fileEncoding = 4; lastKnownFileType = sourcecode.cpp.h; path = Series.hpp; sourceTree = "<group>"; };
		90EABE871CBAA0CF00F5316C /* TreasurySeries.cpp */ = {isa = PBXFileReference; fileEncoding = 4; lastKnownFileType = sourcecode.cpp.cpp; path = TreasurySeries.cpp; sourceTree = "<group>"; };
		90EABE881CBAA0CF00F5316C /* TreasurySeries.hpp */ = {isa = PBXFileReference; fileEncoding = 4; lastKnownFileType = sourcecode.cpp.h; path = TreasurySeries.hpp; sourceTree = "<group>"; };
		90EABE981CBAA7A500F5316C /* ActionSeries.cpp */ = {isa = PBXFileReference; fileEncoding = 4; lastKnownFileType = sourcecode.cpp.cpp; path = ActionSeries.cpp; sourceTree = "<group>"; };
		90EABE991CBAA7A500F5316C /* ActionSeries.hpp */ = {isa = PBXFileReference; fileEncoding = 4; lastKnownFileType = sourcecode.cpp.h; path = ActionSeries.hpp; sourceTree = "<group>"; };
		90EABEA31CBE670D00F5316C /* libalgo.a */ = {isa = PBXFileReference; explicitFileType = archive.ar; includeInIndex = 0; path = libalgo.a; sourceTree = BUILT_PRODUCTS_DIR; };
		90EABEB21CBE681900F5316C /* Asset.cpp */ = {isa = PBXFileReference; fileEncoding = 4; lastKnownFileType = sourcecode.cpp.cpp; path = Asset.cpp; sourceTree = "<group>"; };
		90EABEB31CBE681900F5316C /* Asset.hpp */ = {isa = PBXFileReference; fileEncoding = 4; lastKnownFileType = sourcecode.cpp.h; path = Asset.hpp; sourceTree = "<group>"; };
		90EABEB41CBE681900F5316C /* DB.cpp */ = {isa = PBXFileReference; fileEncoding = 4; lastKnownFileType = sourcecode.cpp.cpp; path = DB.cpp; sourceTree = "<group>"; };
		90EABEB51CBE681900F5316C /* DB.hpp */ = {isa = PBXFileReference; fileEncoding = 4; lastKnownFileType = sourcecode.cpp.h; path = DB.hpp; sourceTree = "<group>"; };
		90EABEBE1CBE68A100F5316C /* libengine.a */ = {isa = PBXFileReference; explicitFileType = archive.ar; includeInIndex = 0; path = libengine.a; sourceTree = BUILT_PRODUCTS_DIR; };
		90EABED91CBE6CE100F5316C /* Execution.cpp */ = {isa = PBXFileReference; fileEncoding = 4; lastKnownFileType = sourcecode.cpp.cpp; path = Execution.cpp; sourceTree = "<group>"; };
		90EABEDA1CBE6CE100F5316C /* Execution.hpp */ = {isa = PBXFileReference; fileEncoding = 4; lastKnownFileType = sourcecode.cpp.h; path = Execution.hpp; sourceTree = "<group>"; };
		90EABEDD1CBE725300F5316C /* ExecutionSet.cpp */ = {isa = PBXFileReference; fileEncoding = 4; lastKnownFileType = sourcecode.cpp.cpp; path = ExecutionSet.cpp; sourceTree = "<group>"; };
		90EABEDE1CBE725300F5316C /* ExecutionSet.hpp */ = {isa = PBXFileReference; fileEncoding = 4; lastKnownFileType = sourcecode.cpp.h; path = ExecutionSet.hpp; sourceTree = "<group>"; };
		90EABEE11CBF1C2200F5316C /* Position.cpp */ = {isa = PBXFileReference; fileEncoding = 4; lastKnownFileType = sourcecode.cpp.cpp; path = Position.cpp; sourceTree = "<group>"; };
		90EABEE21CBF1C2200F5316C /* Position.hpp */ = {isa = PBXFileReference; fileEncoding = 4; lastKnownFileType = sourcecode.cpp.h; path = Position.hpp; sourceTree = "<group>"; };
		90EABEE51CBF292900F5316C /* LongPosition.cpp */ = {isa = PBXFileReference; fileEncoding = 4; lastKnownFileType = sourcecode.cpp.cpp; path = LongPosition.cpp; sourceTree = "<group>"; };
		90EABEE61CBF292900F5316C /* LongPosition.hpp */ = {isa = PBXFileReference; fileEncoding = 4; lastKnownFileType = sourcecode.cpp.h; path = LongPosition.hpp; sourceTree = "<group>"; };
		90EABEE91CBFBADE00F5316C /* ShortPosition.cpp */ = {isa = PBXFileReference; fileEncoding = 4; lastKnownFileType = sourcecode.cpp.cpp; path = ShortPosition.cpp; sourceTree = "<group>"; };
		90EABEEA1CBFBADE00F5316C /* ShortPosition.hpp */ = {isa = PBXFileReference; fileEncoding = 4; lastKnownFileType = sourcecode.cpp.h; path = ShortPosition.hpp; sourceTree = "<group>"; };
		90EABEED1CBFBDDE00F5316C /* PositionSet.cpp */ = {isa = PBXFileReference; fileEncoding = 4; lastKnownFileType = sourcecode.cpp.cpp; path = PositionSet.cpp; sourceTree = "<group>"; };
		90EABEEE1CBFBDDE00F5316C /* PositionSet.hpp */ = {isa = PBXFileReference; fileEncoding = 4; lastKnownFileType = sourcecode.cpp.h; path = PositionSet.hpp; sourceTree = "<group>"; };
		90EABEF51CC075B400F5316C /* Trader.cpp */ = {isa = PBXFileReference; fileEncoding = 4; lastKnownFileType = sourcecode.cpp.cpp; path = Trader.cpp; sourceTree = "<group>"; };
		90EABEF71CC075BB00F5316C /* Trader.hpp */ = {isa = PBXFileReference; fileEncoding = 4; lastKnownFileType = sourcecode.cpp.h; path = Trader.hpp; sourceTree = "<group>"; };
		90EABEF91CC0937D00F5316C /* ETFTrader.cpp */ = {isa = PBXFileReference; fileEncoding = 4; lastKnownFileType = sourcecode.cpp.cpp; path = ETFTrader.cpp; sourceTree = "<group>"; };
		90EABEFA1CC0937D00F5316C /* ETFTrader.hpp */ = {isa = PBXFileReference; fileEncoding = 4; lastKnownFileType = sourcecode.cpp.h; path = ETFTrader.hpp; sourceTree = "<group>"; };
		90FC3E231CB6781B00BCC3AD /* cppbacktester */ = {isa = PBXFileReference; explicitFileType = "compiled.mach-o.executable"; includeInIndex = 0; path = cppbacktester; sourceTree = BUILT_PRODUCTS_DIR; };
		90FC3E261CB6781B00BCC3AD /* main.cpp */ = {isa = PBXFileReference; lastKnownFileType = sourcecode.cpp.cpp; path = main.cpp; sourceTree = "<group>"; };
/* End PBXFileReference section */

/* Begin PBXFrameworksBuildPhase section */
		90EABE6D1CBA9FD600F5316C /* Frameworks */ = {
			isa = PBXFrameworksBuildPhase;
			buildActionMask = 2147483647;
			files = (
			);
			runOnlyForDeploymentPostprocessing = 0;
		};
		90EABEA01CBE670D00F5316C /* Frameworks */ = {
			isa = PBXFrameworksBuildPhase;
			buildActionMask = 2147483647;
			files = (
			);
			runOnlyForDeploymentPostprocessing = 0;
		};
		90EABEBB1CBE68A100F5316C /* Frameworks */ = {
			isa = PBXFrameworksBuildPhase;
			buildActionMask = 2147483647;
			files = (
			);
			runOnlyForDeploymentPostprocessing = 0;
		};
		90FC3E201CB6781B00BCC3AD /* Frameworks */ = {
			isa = PBXFrameworksBuildPhase;
			buildActionMask = 2147483647;
			files = (
			);
			runOnlyForDeploymentPostprocessing = 0;
		};
/* End PBXFrameworksBuildPhase section */

/* Begin PBXGroup section */
		90EABE711CBA9FD600F5316C /* data */ = {
			isa = PBXGroup;
			children = (
				90EABE7D1CBAA0CF00F5316C /* DataEntry.cpp */,
				90EABE7E1CBAA0CF00F5316C /* DataEntry.hpp */,
				90EABE7F1CBAA0CF00F5316C /* EquitySeries.cpp */,
				90EABE801CBAA0CF00F5316C /* EquitySeries.hpp */,
				90EABE811CBAA0CF00F5316C /* FileDriver.cpp */,
				90EABE821CBAA0CF00F5316C /* FileDriver.hpp */,
				90EABE831CBAA0CF00F5316C /* PriceSeries.cpp */,
				90EABE841CBAA0CF00F5316C /* PriceSeries.hpp */,
				90EABE981CBAA7A500F5316C /* ActionSeries.cpp */,
				90EABE991CBAA7A500F5316C /* ActionSeries.hpp */,
				90EABE851CBAA0CF00F5316C /* Series.cpp */,
				90EABE861CBAA0CF00F5316C /* Series.hpp */,
				90EABE871CBAA0CF00F5316C /* TreasurySeries.cpp */,
				90EABE881CBAA0CF00F5316C /* TreasurySeries.hpp */,
			);
			path = data;
			sourceTree = "<group>";
		};
		90EABEA41CBE670D00F5316C /* algo */ = {
			isa = PBXGroup;
			children = (
				90EABEB21CBE681900F5316C /* Asset.cpp */,
				90EABEB31CBE681900F5316C /* Asset.hpp */,
				90EABEB41CBE681900F5316C /* DB.cpp */,
				90EABEB51CBE681900F5316C /* DB.hpp */,
				90EABEF51CC075B400F5316C /* Trader.cpp */,
				90EABEF71CC075BB00F5316C /* Trader.hpp */,
				90EABEF91CC0937D00F5316C /* ETFTrader.cpp */,
				90EABEFA1CC0937D00F5316C /* ETFTrader.hpp */,
			);
			path = algo;
			sourceTree = "<group>";
		};
		90EABEBF1CBE68A100F5316C /* engine */ = {
			isa = PBXGroup;
			children = (
				90EABED91CBE6CE100F5316C /* Execution.cpp */,
				90EABEDA1CBE6CE100F5316C /* Execution.hpp */,
				90EABEDD1CBE725300F5316C /* ExecutionSet.cpp */,
				90EABEDE1CBE725300F5316C /* ExecutionSet.hpp */,
				90EABEE11CBF1C2200F5316C /* Position.cpp */,
				90EABEE21CBF1C2200F5316C /* Position.hpp */,
				90EABEE51CBF292900F5316C /* LongPosition.cpp */,
				90EABEE61CBF292900F5316C /* LongPosition.hpp */,
				90EABEE91CBFBADE00F5316C /* ShortPosition.cpp */,
				90EABEEA1CBFBADE00F5316C /* ShortPosition.hpp */,
				90EABEED1CBFBDDE00F5316C /* PositionSet.cpp */,
				90EABEEE1CBFBDDE00F5316C /* PositionSet.hpp */,
			);
			path = engine;
			sourceTree = "<group>";
		};
		90FC3E1A1CB6781B00BCC3AD = {
			isa = PBXGroup;
			children = (
				90FC3E251CB6781B00BCC3AD /* cppbacktester */,
				90EABEA41CBE670D00F5316C /* algo */,
				90EABE711CBA9FD600F5316C /* data */,
				90EABEBF1CBE68A100F5316C /* engine */,
				90FC3E241CB6781B00BCC3AD /* Products */,
			);
			sourceTree = "<group>";
		};
		90FC3E241CB6781B00BCC3AD /* Products */ = {
			isa = PBXGroup;
			children = (
				90FC3E231CB6781B00BCC3AD /* cppbacktester */,
				90EABE701CBA9FD600F5316C /* libdata.a */,
				90EABEA31CBE670D00F5316C /* libalgo.a */,
				90EABEBE1CBE68A100F5316C /* libengine.a */,
			);
			name = Products;
			sourceTree = "<group>";
		};
		90FC3E251CB6781B00BCC3AD /* cppbacktester */ = {
			isa = PBXGroup;
			children = (
				90FC3E261CB6781B00BCC3AD /* main.cpp */,
			);
			path = cppbacktester;
			sourceTree = "<group>";
		};
/* End PBXGroup section */

/* Begin PBXHeadersBuildPhase section */
		90EABE6E1CBA9FD600F5316C /* Headers */ = {
			isa = PBXHeadersBuildPhase;
			buildActionMask = 2147483647;
			files = (
				90EABE8C1CBAA0CF00F5316C /* EquitySeries.hpp in Headers */,
				90EABE8E1CBAA0CF00F5316C /* FileDriver.hpp in Headers */,
				90EABE921CBAA0CF00F5316C /* Series.hpp in Headers */,
				90EABE9B1CBAA7A500F5316C /* ActionSeries.hpp in Headers */,
				90EABE8A1CBAA0CF00F5316C /* DataEntry.hpp in Headers */,
				90EABE941CBAA0CF00F5316C /* TreasurySeries.hpp in Headers */,
				90EABE901CBAA0CF00F5316C /* PriceSeries.hpp in Headers */,
			);
			runOnlyForDeploymentPostprocessing = 0;
		};
		90EABEA11CBE670D00F5316C /* Headers */ = {
			isa = PBXHeadersBuildPhase;
			buildActionMask = 2147483647;
			files = (
				90EABEFC1CC0937D00F5316C /* ETFTrader.hpp in Headers */,
				90EABEB91CBE681900F5316C /* DB.hpp in Headers */,
				90EABEF81CC075BB00F5316C /* Trader.hpp in Headers */,
				90EABEB71CBE681900F5316C /* Asset.hpp in Headers */,
			);
			runOnlyForDeploymentPostprocessing = 0;
		};
		90EABEBC1CBE68A100F5316C /* Headers */ = {
			isa = PBXHeadersBuildPhase;
			buildActionMask = 2147483647;
			files = (
				90EABEE41CBF1C2200F5316C /* Position.hpp in Headers */,
				90EABEE01CBE725300F5316C /* ExecutionSet.hpp in Headers */,
				90EABEF01CBFBDDE00F5316C /* PositionSet.hpp in Headers */,
				90EABEDC1CBE6CE100F5316C /* Execution.hpp in Headers */,
				90EABEEC1CBFBADE00F5316C /* ShortPosition.hpp in Headers */,
				90EABEE81CBF292900F5316C /* LongPosition.hpp in Headers */,
			);
			runOnlyForDeploymentPostprocessing = 0;
		};
/* End PBXHeadersBuildPhase section */

/* Begin PBXNativeTarget section */
		90EABE6F1CBA9FD600F5316C /* data */ = {
			isa = PBXNativeTarget;
			buildConfigurationList = 90EABE7A1CBA9FD600F5316C /* Build configuration list for PBXNativeTarget "data" */;
			buildPhases = (
				90EABE6C1CBA9FD600F5316C /* Sources */,
				90EABE6D1CBA9FD600F5316C /* Frameworks */,
				90EABE6E1CBA9FD600F5316C /* Headers */,
			);
			buildRules = (
			);
			dependencies = (
			);
			name = data;
			productName = data;
			productReference = 90EABE701CBA9FD600F5316C /* libdata.a */;
			productType = "com.apple.product-type.library.static";
		};
		90EABEA21CBE670D00F5316C /* algo */ = {
			isa = PBXNativeTarget;
			buildConfigurationList = 90EABEAB1CBE670D00F5316C /* Build configuration list for PBXNativeTarget "algo" */;
			buildPhases = (
				90EABE9F1CBE670D00F5316C /* Sources */,
				90EABEA01CBE670D00F5316C /* Frameworks */,
				90EABEA11CBE670D00F5316C /* Headers */,
			);
			buildRules = (
			);
			dependencies = (
				90EABECC1CBE68B800F5316C /* PBXTargetDependency */,
				90EABEAF1CBE673A00F5316C /* PBXTargetDependency */,
			);
			name = algo;
			productName = algo;
			productReference = 90EABEA31CBE670D00F5316C /* libalgo.a */;
			productType = "com.apple.product-type.library.static";
		};
		90EABEBD1CBE68A100F5316C /* engine */ = {
			isa = PBXNativeTarget;
			buildConfigurationList = 90EABEC61CBE68A100F5316C /* Build configuration list for PBXNativeTarget "engine" */;
			buildPhases = (
				90EABEBA1CBE68A100F5316C /* Sources */,
				90EABEBB1CBE68A100F5316C /* Frameworks */,
				90EABEBC1CBE68A100F5316C /* Headers */,
			);
			buildRules = (
			);
			dependencies = (
				90EABECA1CBE68B300F5316C /* PBXTargetDependency */,
			);
			name = engine;
			productName = engine;
			productReference = 90EABEBE1CBE68A100F5316C /* libengine.a */;
			productType = "com.apple.product-type.library.static";
		};
		90FC3E221CB6781B00BCC3AD /* cppbacktester */ = {
			isa = PBXNativeTarget;
			buildConfigurationList = 90FC3E2A1CB6781B00BCC3AD /* Build configuration list for PBXNativeTarget "cppbacktester" */;
			buildPhases = (
				90FC3E1F1CB6781B00BCC3AD /* Sources */,
				90FC3E201CB6781B00BCC3AD /* Frameworks */,
				90FC3E211CB6781B00BCC3AD /* CopyFiles */,
			);
			buildRules = (
			);
			dependencies = (
				90EABECE1CBE690100F5316C /* PBXTargetDependency */,
				90EABEB11CBE67CB00F5316C /* PBXTargetDependency */,
				90EABE7C1CBAA06E00F5316C /* PBXTargetDependency */,
			);
			name = cppbacktester;
			productName = cppbacktester;
			productReference = 90FC3E231CB6781B00BCC3AD /* cppbacktester */;
			productType = "com.apple.product-type.tool";
		};
/* End PBXNativeTarget section */

/* Begin PBXProject section */
		90FC3E1B1CB6781B00BCC3AD /* Project object */ = {
			isa = PBXProject;
			attributes = {
				LastUpgradeCheck = 0730;
				ORGANIZATIONNAME = Jeongwon;
				TargetAttributes = {
					90EABE6F1CBA9FD600F5316C = {
						CreatedOnToolsVersion = 7.3;
					};
					90EABEA21CBE670D00F5316C = {
						CreatedOnToolsVersion = 7.3;
					};
					90EABEBD1CBE68A100F5316C = {
						CreatedOnToolsVersion = 7.3;
					};
					90FC3E221CB6781B00BCC3AD = {
						CreatedOnToolsVersion = 7.3;
					};
				};
			};
			buildConfigurationList = 90FC3E1E1CB6781B00BCC3AD /* Build configuration list for PBXProject "cppbacktester" */;
			compatibilityVersion = "Xcode 3.2";
			developmentRegion = English;
			hasScannedForEncodings = 0;
			knownRegions = (
				en,
			);
			mainGroup = 90FC3E1A1CB6781B00BCC3AD;
			productRefGroup = 90FC3E241CB6781B00BCC3AD /* Products */;
			projectDirPath = "";
			projectRoot = "";
			targets = (
				90FC3E221CB6781B00BCC3AD /* cppbacktester */,
				90EABEA21CBE670D00F5316C /* algo */,
				90EABE6F1CBA9FD600F5316C /* data */,
				90EABEBD1CBE68A100F5316C /* engine */,
			);
		};
/* End PBXProject section */

/* Begin PBXSourcesBuildPhase section */
		90EABE6C1CBA9FD600F5316C /* Sources */ = {
			isa = PBXSourcesBuildPhase;
			buildActionMask = 2147483647;
			files = (
				90EABE8D1CBAA0CF00F5316C /* FileDriver.cpp in Sources */,
				90EABE891CBAA0CF00F5316C /* DataEntry.cpp in Sources */,
				90EABE911CBAA0CF00F5316C /* Series.cpp in Sources */,
				90EABE931CBAA0CF00F5316C /* TreasurySeries.cpp in Sources */,
				90EABE8F1CBAA0CF00F5316C /* PriceSeries.cpp in Sources */,
				90EABE8B1CBAA0CF00F5316C /* EquitySeries.cpp in Sources */,
				90EABE9A1CBAA7A500F5316C /* ActionSeries.cpp in Sources */,
			);
			runOnlyForDeploymentPostprocessing = 0;
		};
		90EABE9F1CBE670D00F5316C /* Sources */ = {
			isa = PBXSourcesBuildPhase;
			buildActionMask = 2147483647;
			files = (
				90EABEF61CC075B400F5316C /* Trader.cpp in Sources */,
				90EABEB61CBE681900F5316C /* Asset.cpp in Sources */,
				90EABEB81CBE681900F5316C /* DB.cpp in Sources */,
				90EABEFB1CC0937D00F5316C /* ETFTrader.cpp in Sources */,
			);
			runOnlyForDeploymentPostprocessing = 0;
		};
		90EABEBA1CBE68A100F5316C /* Sources */ = {
			isa = PBXSourcesBuildPhase;
			buildActionMask = 2147483647;
			files = (
				90EABEDB1CBE6CE100F5316C /* Execution.cpp in Sources */,
				90EABEDF1CBE725300F5316C /* ExecutionSet.cpp in Sources */,
				90EABEE71CBF292900F5316C /* LongPosition.cpp in Sources */,
				90EABEEB1CBFBADE00F5316C /* ShortPosition.cpp in Sources */,
				90EABEE31CBF1C2200F5316C /* Position.cpp in Sources */,
				90EABEEF1CBFBDDE00F5316C /* PositionSet.cpp in Sources */,
			);
			runOnlyForDeploymentPostprocessing = 0;
		};
		90FC3E1F1CB6781B00BCC3AD /* Sources */ = {
			isa = PBXSourcesBuildPhase;
			buildActionMask = 2147483647;
			files = (
				90FC3E271CB6781B00BCC3AD /* main.cpp in Sources */,
			);
			runOnlyForDeploymentPostprocessing = 0;
		};
/* End PBXSourcesBuildPhase section */

/* Begin PBXTargetDependency section */
		90EABE7C1CBAA06E00F5316C /* PBXTargetDependency */ = {
			isa = PBXTargetDependency;
			target = 90EABE6F1CBA9FD600F5316C /* data */;
			targetProxy = 90EABE7B1CBAA06E00F5316C /* PBXContainerItemProxy */;
		};
		90EABEAF1CBE673A00F5316C /* PBXTargetDependency */ = {
			isa = PBXTargetDependency;
			target = 90EABE6F1CBA9FD600F5316C /* data */;
			targetProxy = 90EABEAE1CBE673A00F5316C /* PBXContainerItemProxy */;
		};
		90EABEB11CBE67CB00F5316C /* PBXTargetDependency */ = {
			isa = PBXTargetDependency;
			target = 90EABEA21CBE670D00F5316C /* algo */;
			targetProxy = 90EABEB01CBE67CB00F5316C /* PBXContainerItemProxy */;
		};
		90EABECA1CBE68B300F5316C /* PBXTargetDependency */ = {
			isa = PBXTargetDependency;
			target = 90EABE6F1CBA9FD600F5316C /* data */;
			targetProxy = 90EABEC91CBE68B300F5316C /* PBXContainerItemProxy */;
		};
		90EABECC1CBE68B800F5316C /* PBXTargetDependency */ = {
			isa = PBXTargetDependency;
			target = 90EABEBD1CBE68A100F5316C /* engine */;
			targetProxy = 90EABECB1CBE68B800F5316C /* PBXContainerItemProxy */;
		};
		90EABECE1CBE690100F5316C /* PBXTargetDependency */ = {
			isa = PBXTargetDependency;
			target = 90EABEBD1CBE68A100F5316C /* engine */;
			targetProxy = 90EABECD1CBE690100F5316C /* PBXContainerItemProxy */;
		};
/* End PBXTargetDependency section */

/* Begin XCBuildConfiguration section */
		90EABE781CBA9FD600F5316C /* Debug */ = {
			isa = XCBuildConfiguration;
			buildSettings = {
				EXECUTABLE_PREFIX = lib;
				GCC_ENABLE_CPP_EXCEPTIONS = YES;
				GCC_ENABLE_CPP_RTTI = YES;
				HEADER_SEARCH_PATHS = /usr/local/include/;
				LIBRARY_SEARCH_PATHS = /usr/local/lib/;
				OTHER_LDFLAGS = "-lboost_date_time";
				PRODUCT_NAME = "$(TARGET_NAME)";
			};
			name = Debug;
		};
		90EABE791CBA9FD600F5316C /* Release */ = {
			isa = XCBuildConfiguration;
			buildSettings = {
				EXECUTABLE_PREFIX = lib;
				GCC_ENABLE_CPP_EXCEPTIONS = YES;
				GCC_ENABLE_CPP_RTTI = YES;
				HEADER_SEARCH_PATHS = /usr/local/include/;
				LIBRARY_SEARCH_PATHS = /usr/local/lib/;
				OTHER_LDFLAGS = "-lboost_date_time";
				PRODUCT_NAME = "$(TARGET_NAME)";
			};
			name = Release;
		};
		90EABEAC1CBE670D00F5316C /* Debug */ = {
			isa = XCBuildConfiguration;
			buildSettings = {
				EXECUTABLE_PREFIX = lib;
				GCC_ENABLE_CPP_EXCEPTIONS = YES;
				GCC_ENABLE_CPP_RTTI = YES;
				HEADER_SEARCH_PATHS = (
					/usr/local/include/,
					./data,
					./engine,
				);
				LIBRARY_SEARCH_PATHS = /usr/local/lib/;
				OTHER_LDFLAGS = (
					"-lboost_date_time",
					"-ldata",
					"-lengine",
				);
				PRODUCT_NAME = "$(TARGET_NAME)";
			};
			name = Debug;
		};
		90EABEAD1CBE670D00F5316C /* Release */ = {
			isa = XCBuildConfiguration;
			buildSettings = {
				EXECUTABLE_PREFIX = lib;
				GCC_ENABLE_CPP_EXCEPTIONS = YES;
				GCC_ENABLE_CPP_RTTI = YES;
				HEADER_SEARCH_PATHS = (
					/usr/local/include/,
					./data,
					./engine,
				);
				LIBRARY_SEARCH_PATHS = /usr/local/lib/;
				OTHER_LDFLAGS = (
					"-lboost_date_time",
					"-ldata",
					"-lengine",
				);
				PRODUCT_NAME = "$(TARGET_NAME)";
			};
			name = Release;
		};
		90EABEC71CBE68A100F5316C /* Debug */ = {
			isa = XCBuildConfiguration;
			buildSettings = {
				EXECUTABLE_PREFIX = lib;
				GCC_ENABLE_CPP_EXCEPTIONS = YES;
				GCC_ENABLE_CPP_RTTI = YES;
				HEADER_SEARCH_PATHS = (
					/usr/local/include/,
					./data,
				);
				LIBRARY_SEARCH_PATHS = /usr/local/lib/;
				OTHER_LDFLAGS = (
					"-lboost_date_time",
					"-ldata",
				);
				PRODUCT_NAME = "$(TARGET_NAME)";
			};
			name = Debug;
		};
		90EABEC81CBE68A100F5316C /* Release */ = {
			isa = XCBuildConfiguration;
			buildSettings = {
				EXECUTABLE_PREFIX = lib;
				GCC_ENABLE_CPP_EXCEPTIONS = YES;
				GCC_ENABLE_CPP_RTTI = YES;
				HEADER_SEARCH_PATHS = (
					/usr/local/include/,
					./data,
				);
				LIBRARY_SEARCH_PATHS = /usr/local/lib/;
				OTHER_LDFLAGS = (
					"-lboost_date_time",
					"-ldata",
				);
				PRODUCT_NAME = "$(TARGET_NAME)";
			};
			name = Release;
		};
		90FC3E281CB6781B00BCC3AD /* Debug */ = {
			isa = XCBuildConfiguration;
			buildSettings = {
				ALWAYS_SEARCH_USER_PATHS = NO;
				CLANG_ANALYZER_NONNULL = YES;
				CLANG_CXX_LANGUAGE_STANDARD = "gnu++0x";
				CLANG_CXX_LIBRARY = "libc++";
				CLANG_ENABLE_MODULES = YES;
				CLANG_ENABLE_OBJC_ARC = YES;
				CLANG_WARN_BOOL_CONVERSION = YES;
				CLANG_WARN_CONSTANT_CONVERSION = YES;
				CLANG_WARN_DIRECT_OBJC_ISA_USAGE = YES_ERROR;
				CLANG_WARN_EMPTY_BODY = YES;
				CLANG_WARN_ENUM_CONVERSION = YES;
				CLANG_WARN_INT_CONVERSION = YES;
				CLANG_WARN_OBJC_ROOT_CLASS = YES_ERROR;
				CLANG_WARN_UNREACHABLE_CODE = YES;
				CLANG_WARN__DUPLICATE_METHOD_MATCH = YES;
				CODE_SIGN_IDENTITY = "-";
				COPY_PHASE_STRIP = NO;
				DEBUG_INFORMATION_FORMAT = dwarf;
				ENABLE_STRICT_OBJC_MSGSEND = YES;
				ENABLE_TESTABILITY = YES;
				GCC_C_LANGUAGE_STANDARD = gnu99;
				GCC_DYNAMIC_NO_PIC = NO;
				GCC_NO_COMMON_BLOCKS = YES;
				GCC_OPTIMIZATION_LEVEL = 0;
				GCC_PREPROCESSOR_DEFINITIONS = (
					"DEBUG=1",
					"$(inherited)",
				);
				GCC_WARN_64_TO_32_BIT_CONVERSION = YES;
				GCC_WARN_ABOUT_RETURN_TYPE = YES_ERROR;
				GCC_WARN_UNDECLARED_SELECTOR = YES;
				GCC_WARN_UNINITIALIZED_AUTOS = YES_AGGRESSIVE;
				GCC_WARN_UNUSED_FUNCTION = YES;
				GCC_WARN_UNUSED_VARIABLE = YES;
				MACOSX_DEPLOYMENT_TARGET = 10.11;
				MTL_ENABLE_DEBUG_INFO = YES;
				ONLY_ACTIVE_ARCH = YES;
				SDKROOT = macosx;
			};
			name = Debug;
		};
		90FC3E291CB6781B00BCC3AD /* Release */ = {
			isa = XCBuildConfiguration;
			buildSettings = {
				ALWAYS_SEARCH_USER_PATHS = NO;
				CLANG_ANALYZER_NONNULL = YES;
				CLANG_CXX_LANGUAGE_STANDARD = "gnu++0x";
				CLANG_CXX_LIBRARY = "libc++";
				CLANG_ENABLE_MODULES = YES;
				CLANG_ENABLE_OBJC_ARC = YES;
				CLANG_WARN_BOOL_CONVERSION = YES;
				CLANG_WARN_CONSTANT_CONVERSION = YES;
				CLANG_WARN_DIRECT_OBJC_ISA_USAGE = YES_ERROR;
				CLANG_WARN_EMPTY_BODY = YES;
				CLANG_WARN_ENUM_CONVERSION = YES;
				CLANG_WARN_INT_CONVERSION = YES;
				CLANG_WARN_OBJC_ROOT_CLASS = YES_ERROR;
				CLANG_WARN_UNREACHABLE_CODE = YES;
				CLANG_WARN__DUPLICATE_METHOD_MATCH = YES;
				CODE_SIGN_IDENTITY = "-";
				COPY_PHASE_STRIP = NO;
				DEBUG_INFORMATION_FORMAT = "dwarf-with-dsym";
				ENABLE_NS_ASSERTIONS = NO;
				ENABLE_STRICT_OBJC_MSGSEND = YES;
				GCC_C_LANGUAGE_STANDARD = gnu99;
				GCC_NO_COMMON_BLOCKS = YES;
				GCC_WARN_64_TO_32_BIT_CONVERSION = YES;
				GCC_WARN_ABOUT_RETURN_TYPE = YES_ERROR;
				GCC_WARN_UNDECLARED_SELECTOR = YES;
				GCC_WARN_UNINITIALIZED_AUTOS = YES_AGGRESSIVE;
				GCC_WARN_UNUSED_FUNCTION = YES;
				GCC_WARN_UNUSED_VARIABLE = YES;
				MACOSX_DEPLOYMENT_TARGET = 10.11;
				MTL_ENABLE_DEBUG_INFO = NO;
				SDKROOT = macosx;
			};
			name = Release;
		};
		90FC3E2B1CB6781B00BCC3AD /* Debug */ = {
			isa = XCBuildConfiguration;
			buildSettings = {
				HEADER_SEARCH_PATHS = (
					/usr/local/include/,
					./data,
					./algo,
					./engine,
				);
				LIBRARY_SEARCH_PATHS = /usr/local/lib/;
				OTHER_LDFLAGS = (
					"-lboost_date_time",
					"-ldata",
					"-lalgo",
					"-lengine",
				);
				PRODUCT_NAME = "$(TARGET_NAME)";
			};
			name = Debug;
		};
		90FC3E2C1CB6781B00BCC3AD /* Release */ = {
			isa = XCBuildConfiguration;
			buildSettings = {
				HEADER_SEARCH_PATHS = (
					/usr/local/include/,
					./data,
					./algo,
					./engine,
				);
				LIBRARY_SEARCH_PATHS = /usr/local/lib/;
				OTHER_LDFLAGS = (
					"-lboost_date_time",
					"-ldata",
					"-lalgo",
					"-lengine",
				);
				PRODUCT_NAME = "$(TARGET_NAME)";
			};
			name = Release;
		};
/* End XCBuildConfiguration section */

/* Begin XCConfigurationList section */
		90EABE7A1CBA9FD600F5316C /* Build configuration list for PBXNativeTarget "data" */ = {
			isa = XCConfigurationList;
			buildConfigurations = (
				90EABE781CBA9FD600F5316C /* Debug */,
				90EABE791CBA9FD600F5316C /* Release */,
			);
			defaultConfigurationIsVisible = 0;
			defaultConfigurationName = Release;
		};
		90EABEAB1CBE670D00F5316C /* Build configuration list for PBXNativeTarget "algo" */ = {
			isa = XCConfigurationList;
			buildConfigurations = (
				90EABEAC1CBE670D00F5316C /* Debug */,
				90EABEAD1CBE670D00F5316C /* Release */,
			);
			defaultConfigurationIsVisible = 0;
			defaultConfigurationName = Release;
		};
		90EABEC61CBE68A100F5316C /* Build configuration list for PBXNativeTarget "engine" */ = {
			isa = XCConfigurationList;
			buildConfigurations = (
				90EABEC71CBE68A100F5316C /* Debug */,
				90EABEC81CBE68A100F5316C /* Release */,
			);
			defaultConfigurationIsVisible = 0;
			defaultConfigurationName = Release;
		};
		90FC3E1E1CB6781B00BCC3AD /* Build configuration list for PBXProject "cppbacktester" */ = {
			isa = XCConfigurationList;
			buildConfigurations = (
				90FC3E281CB6781B00BCC3AD /* Debug */,
				90FC3E291CB6781B00BCC3AD /* Release */,
			);
			defaultConfigurationIsVisible = 0;
			defaultConfigurationName = Release;
		};
		90FC3E2A1CB6781B00BCC3AD /* Build configuration list for PBXNativeTarget "cppbacktester" */ = {
			isa = XCConfigurationList;
			buildConfigurations = (
				90FC3E2B1CB6781B00BCC3AD /* Debug */,
				90FC3E2C1CB6781B00BCC3AD /* Release */,
			);
			defaultConfigurationIsVisible = 0;
			defaultConfigurationName = Release;
		};
/* End XCConfigurationList section */
	};
	rootObject = 90FC3E1B1CB6781B00BCC3AD /* Project object */;
}
